
Microsoft Visual Studio Solution File, Format Version 12.00
# Visual Studio 2013
VisualStudioVersion = 12.0.30501.0
MinimumVisualStudioVersion = 10.0.40219.1
Project("{2150E333-8FDC-42A3-9474-1A3956D46DE8}") = "Apps", "Apps", "{BC6AEC04-7CAA-4254-B1AF-A3788EB4C441}"
EndProject
Project("{2150E333-8FDC-42A3-9474-1A3956D46DE8}") = "Webs", "Webs", "{6BEC840C-887E-41E0-9967-B9AC45E37F2C}"
EndProject
Project("{2150E333-8FDC-42A3-9474-1A3956D46DE8}") = "Core", "Core", "{1963C160-28F1-44EE-A245-47F5AA6D2236}"
EndProject
Project("{FAE04EC0-301F-11D3-BF4B-00C04F79EFBC}") = "R2.Halo.Apps.Test", "Apps\R2.Halo.Apps.Test\R2.Halo.Apps.Test.csproj", "{C6E3FFE5-26D1-40E9-B719-A803D85DF596}"
EndProject
Project("{FAE04EC0-301F-11D3-BF4B-00C04F79EFBC}") = "R2.Halo.CoreEntities", "Core\R2.Halo.CoreEntities\R2.Halo.CoreEntities.csproj", "{1E5DB8EA-C0A7-420C-B3F2-17D76A420B10}"
EndProject
Project("{FAE04EC0-301F-11D3-BF4B-00C04F79EFBC}") = "R2.Halo.Web", "Webs\R2.Halo.Web\R2.Halo.Web.csproj", "{6DCC30EB-B7E0-429D-B38E-ED8F72A9CA43}"
EndProject
Project("{2150E333-8FDC-42A3-9474-1A3956D46DE8}") = "Domain", "Domain", "{5A292837-230F-4F6A-AC66-62775DA71D7B}"
EndProject
Project("{FAE04EC0-301F-11D3-BF4B-00C04F79EFBC}") = "R2.Disaster.Core", "..\R2.Disaster\Core\R2.Disaster.CoreInfrastructure\R2.Disaster.Core.csproj", "{56B94CEB-6C59-4D40-98EF-5CF0AE50E39B}"
EndProject
Project("{FAE04EC0-301F-11D3-BF4B-00C04F79EFBC}") = "R2.Disaster.WebFramework", "..\R2.Disaster\WebAPI\R2.Disaster.WebFramework\R2.Disaster.WebFramework.csproj", "{3D8BD5F1-76AE-41DD-A26D-ACCCDFF00EED}"
EndProject
Project("{FAE04EC0-301F-11D3-BF4B-00C04F79EFBC}") = "R2.Halo.Data", "Core\R2.Halo.Data\R2.Halo.Data.csproj", "{415DC4A2-12F3-4DD8-A313-F7B56D0E69D6}"
EndProject
Project("{FAE04EC0-301F-11D3-BF4B-00C04F79EFBC}") = "R2.Halo.Service", "R2.Halo.Service\R2.Halo.Service.csproj", "{D756797F-7CDB-4158-93EC-03743A848588}"
EndProject
Project("{FAE04EC0-301F-11D3-BF4B-00C04F79EFBC}") = "R2.Halo.Apps.JnDbDeleteAndEdit", "Apps\R2.Halo.Apps.JnDbDeleteAndEdit\R2.Halo.Apps.JnDbDeleteAndEdit.csproj", "{C0D16C84-D830-4BA3-8FC1-D1B3D0A7676C}"
EndProject
Project("{FAE04EC0-301F-11D3-BF4B-00C04F79EFBC}") = "R2.Halo.Apps.JnDbInsert", "Apps\R2.Halo.Apps.JnDbInsert\R2.Halo.Apps.JnDbInsert.csproj", "{3594A867-1682-4DF7-9C46-30B8C37714A8}"
EndProject
Project("{FAE04EC0-301F-11D3-BF4B-00C04F79EFBC}") = "R2.Halo.Apps.D3Map", "Apps\R2.Halo.Apps.3DMap\R2.Halo.Apps.D3Map.csproj", "{22C9369A-5794-48F5-BAE2-86924A906496}"
EndProject
Project("{FAE04EC0-301F-11D3-BF4B-00C04F79EFBC}") = "R2.Halo.Apps.CardsEdit", "Apps\R2.Halo.Apps.CardsEdit\R2.Halo.Apps.CardsEdit.csproj", "{1A33E49C-FF30-4200-81DB-5745F0E1F92F}"
EndProject
Project("{FAE04EC0-301F-11D3-BF4B-00C04F79EFBC}") = "R2.Halo.Apps.D2Map", "Apps\R2.Halo.Apps.D2Map\R2.Halo.Apps.D2Map.csproj", "{F8C78422-21CB-4741-BE84-FBE09F4780AF}"
EndProject
Project("{FAE04EC0-301F-11D3-BF4B-00C04F79EFBC}") = "R2.Halo.Apps.DisasterBaseInfoStatistic", "Apps\R2.Halo.Apps.DisasterBaseInfoStatistic\R2.Halo.Apps.DisasterBaseInfoStatistic.csproj", "{2A654C96-032E-4EB5-8F52-3AF785D52B60}"
EndProject
Project("{FAE04EC0-301F-11D3-BF4B-00C04F79EFBC}") = "R2.Halo.Apps.WorkCardInput", "Apps\R2.Halo.Apps.WorkCardInput\code\R2.Jinan\R2.Halo.Apps.WorkCardInput.csproj", "{1E10C5F1-B3F3-4642-97E0-C71C8BDC9CF0}"
EndProject
Project("{FAE04EC0-301F-11D3-BF4B-00C04F79EFBC}") = "R2.Halo.Apps.RiskCardInput", "Apps\R2.Halo.Apps.RiskCardInput\code\R2.Jinan\R2.Halo.Apps.RiskCardInput.csproj", "{F13167F6-A30B-4274-A95B-3BCC827C24B1}"
EndProject
Project("{FAE04EC0-301F-11D3-BF4B-00C04F79EFBC}") = "R2.Halo.Apps.WarningParameterSet", "Apps\WarningParameterSet\code\R2.Jinan\R2.Halo.Apps.WarningParameterSet.csproj", "{2C18ED8A-2C35-43F5-94AB-7A4C5080615F}"
EndProject
Project("{FAE04EC0-301F-11D3-BF4B-00C04F79EFBC}") = "R2.Halo.Apps.EarlyWarning", "Apps\EarlyWarning\code\R2.Jinan\R2.Halo.Apps.EarlyWarning.csproj", "{2CE005EC-E417-4515-8C34-4DF3A490C290}"
EndProject
Global
	GlobalSection(SolutionConfigurationPlatforms) = preSolution
		Debug|Any CPU = Debug|Any CPU
		Release|Any CPU = Release|Any CPU
	EndGlobalSection
	GlobalSection(ProjectConfigurationPlatforms) = postSolution
		{C6E3FFE5-26D1-40E9-B719-A803D85DF596}.Debug|Any CPU.ActiveCfg = Debug|Any CPU
		{C6E3FFE5-26D1-40E9-B719-A803D85DF596}.Debug|Any CPU.Build.0 = Debug|Any CPU
		{C6E3FFE5-26D1-40E9-B719-A803D85DF596}.Release|Any CPU.ActiveCfg = Release|Any CPU
		{C6E3FFE5-26D1-40E9-B719-A803D85DF596}.Release|Any CPU.Build.0 = Release|Any CPU
		{1E5DB8EA-C0A7-420C-B3F2-17D76A420B10}.Debug|Any CPU.ActiveCfg = Debug|Any CPU
		{1E5DB8EA-C0A7-420C-B3F2-17D76A420B10}.Debug|Any CPU.Build.0 = Debug|Any CPU
		{1E5DB8EA-C0A7-420C-B3F2-17D76A420B10}.Release|Any CPU.ActiveCfg = Release|Any CPU
		{1E5DB8EA-C0A7-420C-B3F2-17D76A420B10}.Release|Any CPU.Build.0 = Release|Any CPU
		{6DCC30EB-B7E0-429D-B38E-ED8F72A9CA43}.Debug|Any CPU.ActiveCfg = Debug|Any CPU
		{6DCC30EB-B7E0-429D-B38E-ED8F72A9CA43}.Debug|Any CPU.Build.0 = Debug|Any CPU
		{6DCC30EB-B7E0-429D-B38E-ED8F72A9CA43}.Release|Any CPU.ActiveCfg = Release|Any CPU
		{6DCC30EB-B7E0-429D-B38E-ED8F72A9CA43}.Release|Any CPU.Build.0 = Release|Any CPU
		{56B94CEB-6C59-4D40-98EF-5CF0AE50E39B}.Debug|Any CPU.ActiveCfg = Debug|Any CPU
		{56B94CEB-6C59-4D40-98EF-5CF0AE50E39B}.Debug|Any CPU.Build.0 = Debug|Any CPU
		{56B94CEB-6C59-4D40-98EF-5CF0AE50E39B}.Release|Any CPU.ActiveCfg = Release|Any CPU
		{56B94CEB-6C59-4D40-98EF-5CF0AE50E39B}.Release|Any CPU.Build.0 = Release|Any CPU
		{3D8BD5F1-76AE-41DD-A26D-ACCCDFF00EED}.Debug|Any CPU.ActiveCfg = Debug|Any CPU
		{3D8BD5F1-76AE-41DD-A26D-ACCCDFF00EED}.Debug|Any CPU.Build.0 = Debug|Any CPU
		{3D8BD5F1-76AE-41DD-A26D-ACCCDFF00EED}.Release|Any CPU.ActiveCfg = Release|Any CPU
		{3D8BD5F1-76AE-41DD-A26D-ACCCDFF00EED}.Release|Any CPU.Build.0 = Release|Any CPU
		{415DC4A2-12F3-4DD8-A313-F7B56D0E69D6}.Debug|Any CPU.ActiveCfg = Debug|Any CPU
		{415DC4A2-12F3-4DD8-A313-F7B56D0E69D6}.Debug|Any CPU.Build.0 = Debug|Any CPU
		{415DC4A2-12F3-4DD8-A313-F7B56D0E69D6}.Release|Any CPU.ActiveCfg = Release|Any CPU
		{415DC4A2-12F3-4DD8-A313-F7B56D0E69D6}.Release|Any CPU.Build.0 = Release|Any CPU
		{D756797F-7CDB-4158-93EC-03743A848588}.Debug|Any CPU.ActiveCfg = Debug|Any CPU
		{D756797F-7CDB-4158-93EC-03743A848588}.Debug|Any CPU.Build.0 = Debug|Any CPU
		{D756797F-7CDB-4158-93EC-03743A848588}.Release|Any CPU.ActiveCfg = Release|Any CPU
		{D756797F-7CDB-4158-93EC-03743A848588}.Release|Any CPU.Build.0 = Release|Any CPU
		{C0D16C84-D830-4BA3-8FC1-D1B3D0A7676C}.Debug|Any CPU.ActiveCfg = Debug|Any CPU
		{C0D16C84-D830-4BA3-8FC1-D1B3D0A7676C}.Debug|Any CPU.Build.0 = Debug|Any CPU
		{C0D16C84-D830-4BA3-8FC1-D1B3D0A7676C}.Release|Any CPU.ActiveCfg = Release|Any CPU
		{C0D16C84-D830-4BA3-8FC1-D1B3D0A7676C}.Release|Any CPU.Build.0 = Release|Any CPU
		{3594A867-1682-4DF7-9C46-30B8C37714A8}.Debug|Any CPU.ActiveCfg = Debug|Any CPU
		{3594A867-1682-4DF7-9C46-30B8C37714A8}.Debug|Any CPU.Build.0 = Debug|Any CPU
		{3594A867-1682-4DF7-9C46-30B8C37714A8}.Release|Any CPU.ActiveCfg = Release|Any CPU
		{3594A867-1682-4DF7-9C46-30B8C37714A8}.Release|Any CPU.Build.0 = Release|Any CPU
		{22C9369A-5794-48F5-BAE2-86924A906496}.Debug|Any CPU.ActiveCfg = Debug|Any CPU
		{22C9369A-5794-48F5-BAE2-86924A906496}.Debug|Any CPU.Build.0 = Debug|Any CPU
		{22C9369A-5794-48F5-BAE2-86924A906496}.Release|Any CPU.ActiveCfg = Release|Any CPU
		{22C9369A-5794-48F5-BAE2-86924A906496}.Release|Any CPU.Build.0 = Release|Any CPU
		{1A33E49C-FF30-4200-81DB-5745F0E1F92F}.Debug|Any CPU.ActiveCfg = Debug|Any CPU
		{1A33E49C-FF30-4200-81DB-5745F0E1F92F}.Debug|Any CPU.Build.0 = Debug|Any CPU
		{1A33E49C-FF30-4200-81DB-5745F0E1F92F}.Release|Any CPU.ActiveCfg = Release|Any CPU
		{1A33E49C-FF30-4200-81DB-5745F0E1F92F}.Release|Any CPU.Build.0 = Release|Any CPU
		{F8C78422-21CB-4741-BE84-FBE09F4780AF}.Debug|Any CPU.ActiveCfg = Debug|Any CPU
		{F8C78422-21CB-4741-BE84-FBE09F4780AF}.Debug|Any CPU.Build.0 = Debug|Any CPU
		{F8C78422-21CB-4741-BE84-FBE09F4780AF}.Release|Any CPU.ActiveCfg = Release|Any CPU
		{F8C78422-21CB-4741-BE84-FBE09F4780AF}.Release|Any CPU.Build.0 = Release|Any CPU
		{2A654C96-032E-4EB5-8F52-3AF785D52B60}.Debug|Any CPU.ActiveCfg = Debug|Any CPU
		{2A654C96-032E-4EB5-8F52-3AF785D52B60}.Debug|Any CPU.Build.0 = Debug|Any CPU
		{2A654C96-032E-4EB5-8F52-3AF785D52B60}.Release|Any CPU.ActiveCfg = Release|Any CPU
		{2A654C96-032E-4EB5-8F52-3AF785D52B60}.Release|Any CPU.Build.0 = Release|Any CPU
		{1E10C5F1-B3F3-4642-97E0-C71C8BDC9CF0}.Debug|Any CPU.ActiveCfg = Debug|Any CPU
		{1E10C5F1-B3F3-4642-97E0-C71C8BDC9CF0}.Debug|Any CPU.Build.0 = Debug|Any CPU
		{1E10C5F1-B3F3-4642-97E0-C71C8BDC9CF0}.Release|Any CPU.ActiveCfg = Release|Any CPU
		{1E10C5F1-B3F3-4642-97E0-C71C8BDC9CF0}.Release|Any CPU.Build.0 = Release|Any CPU
		{F13167F6-A30B-4274-A95B-3BCC827C24B1}.Debug|Any CPU.ActiveCfg = Debug|Any CPU
		{F13167F6-A30B-4274-A95B-3BCC827C24B1}.Debug|Any CPU.Build.0 = Debug|Any CPU
		{F13167F6-A30B-4274-A95B-3BCC827C24B1}.Release|Any CPU.ActiveCfg = Release|Any CPU
		{F13167F6-A30B-4274-A95B-3BCC827C24B1}.Release|Any CPU.Build.0 = Release|Any CPU
		{2C18ED8A-2C35-43F5-94AB-7A4C5080615F}.Debug|Any CPU.ActiveCfg = Debug|Any CPU
		{2C18ED8A-2C35-43F5-94AB-7A4C5080615F}.Debug|Any CPU.Build.0 = Debug|Any CPU
		{2C18ED8A-2C35-43F5-94AB-7A4C5080615F}.Release|Any CPU.ActiveCfg = Release|Any CPU
		{2C18ED8A-2C35-43F5-94AB-7A4C5080615F}.Release|Any CPU.Build.0 = Release|Any CPU
		{2CE005EC-E417-4515-8C34-4DF3A490C290}.Debug|Any CPU.ActiveCfg = Debug|Any CPU
		{2CE005EC-E417-4515-8C34-4DF3A490C290}.Debug|Any CPU.Build.0 = Debug|Any CPU
		{2CE005EC-E417-4515-8C34-4DF3A490C290}.Release|Any CPU.ActiveCfg = Release|Any CPU
		{2CE005EC-E417-4515-8C34-4DF3A490C290}.Release|Any CPU.Build.0 = Release|Any CPU
	EndGlobalSection
	GlobalSection(SolutionProperties) = preSolution
		HideSolutionNode = FALSE
	EndGlobalSection
	GlobalSection(NestedProjects) = preSolution
		{C6E3FFE5-26D1-40E9-B719-A803D85DF596} = {BC6AEC04-7CAA-4254-B1AF-A3788EB4C441}
		{1E5DB8EA-C0A7-420C-B3F2-17D76A420B10} = {1963C160-28F1-44EE-A245-47F5AA6D2236}
		{6DCC30EB-B7E0-429D-B38E-ED8F72A9CA43} = {6BEC840C-887E-41E0-9967-B9AC45E37F2C}
		{56B94CEB-6C59-4D40-98EF-5CF0AE50E39B} = {1963C160-28F1-44EE-A245-47F5AA6D2236}
		{3D8BD5F1-76AE-41DD-A26D-ACCCDFF00EED} = {6BEC840C-887E-41E0-9967-B9AC45E37F2C}
		{415DC4A2-12F3-4DD8-A313-F7B56D0E69D6} = {1963C160-28F1-44EE-A245-47F5AA6D2236}
		{D756797F-7CDB-4158-93EC-03743A848588} = {5A292837-230F-4F6A-AC66-62775DA71D7B}
		{C0D16C84-D830-4BA3-8FC1-D1B3D0A7676C} = {BC6AEC04-7CAA-4254-B1AF-A3788EB4C441}
		{3594A867-1682-4DF7-9C46-30B8C37714A8} = {BC6AEC04-7CAA-4254-B1AF-A3788EB4C441}
		{22C9369A-5794-48F5-BAE2-86924A906496} = {BC6AEC04-7CAA-4254-B1AF-A3788EB4C441}
		{1A33E49C-FF30-4200-81DB-5745F0E1F92F} = {BC6AEC04-7CAA-4254-B1AF-A3788EB4C441}
		{F8C78422-21CB-4741-BE84-FBE09F4780AF} = {BC6AEC04-7CAA-4254-B1AF-A3788EB4C441}
		{2A654C96-032E-4EB5-8F52-3AF785D52B60} = {BC6AEC04-7CAA-4254-B1AF-A3788EB4C441}
		{1E10C5F1-B3F3-4642-97E0-C71C8BDC9CF0} = {BC6AEC04-7CAA-4254-B1AF-A3788EB4C441}
		{F13167F6-A30B-4274-A95B-3BCC827C24B1} = {BC6AEC04-7CAA-4254-B1AF-A3788EB4C441}
		{2C18ED8A-2C35-43F5-94AB-7A4C5080615F} = {BC6AEC04-7CAA-4254-B1AF-A3788EB4C441}
		{2CE005EC-E417-4515-8C34-4DF3A490C290} = {BC6AEC04-7CAA-4254-B1AF-A3788EB4C441}
	EndGlobalSection
EndGlobal
